
Microsoft Visual Studio Solution File, Format Version 12.00
# Visual Studio Version 16
VisualStudioVersion = 16.0.30907.101
MinimumVisualStudioVersion = 10.0.40219.1
Project("{FAE04EC0-301F-11D3-BF4B-00C04F79EFBC}") = "TPInjectionDeDependance", "TPInjectionDeDependance.csproj", "{3AF2F2C6-0742-468F-82EF-1386EACBEF63}"
EndProject
Global
	GlobalSection(SolutionConfigurationPlatforms) = preSolution
		Debug|Any CPU = Debug|Any CPU
		Release|Any CPU = Release|Any CPU
	EndGlobalSection
	GlobalSection(ProjectConfigurationPlatforms) = postSolution
		{3AF2F2C6-0742-468F-82EF-1386EACBEF63}.Debug|Any CPU.ActiveCfg = Debug|Any CPU
		{3AF2F2C6-0742-468F-82EF-1386EACBEF63}.Debug|Any CPU.Build.0 = Debug|Any CPU
		{3AF2F2C6-0742-468F-82EF-1386EACBEF63}.Release|Any CPU.ActiveCfg = Release|Any CPU
		{3AF2F2C6-0742-468F-82EF-1386EACBEF63}.Release|Any CPU.Build.0 = Release|Any CPU
	EndGlobalSection
	GlobalSection(SolutionProperties) = preSolution
		HideSolutionNode = FALSE
	EndGlobalSection
	GlobalSection(ExtensibilityGlobals) = postSolution
		SolutionGuid = {CD9416AE-187C-4CB9-AA84-37C67287B6C6}
	EndGlobalSection
EndGlobal
